
Microsoft Visual Studio Solution File, Format Version 12.00
# Visual Studio 14
VisualStudioVersion = 14.0.25420.1
MinimumVisualStudioVersion = 10.0.40219.1
Project("{FAE04EC0-301F-11D3-BF4B-00C04F79EFBC}") = "Stenographie_Trainingtool", "Stenographie_Trainingtool\Stenographie_Trainingtool.csproj", "{7CE09B44-08F3-4BC0-A8B6-636E6FB775F2}"
EndProject
Project("{54435603-DBB4-11D2-8724-00A0C9A8B90C}") = "StenoTrainerSetup", "StenoTrainerSetup\StenoTrainerSetup.vdproj", "{88CB8DC9-F217-4B3F-BD5F-31F0AEEB9E73}"
EndProject
Global
	GlobalSection(SolutionConfigurationPlatforms) = preSolution
		Debug|Any CPU = Debug|Any CPU
		Release|Any CPU = Release|Any CPU
	EndGlobalSection
	GlobalSection(ProjectConfigurationPlatforms) = postSolution
		{7CE09B44-08F3-4BC0-A8B6-636E6FB775F2}.Debug|Any CPU.ActiveCfg = Debug|Any CPU
		{7CE09B44-08F3-4BC0-A8B6-636E6FB775F2}.Debug|Any CPU.Build.0 = Debug|Any CPU
		{7CE09B44-08F3-4BC0-A8B6-636E6FB775F2}.Release|Any CPU.ActiveCfg = Release|Any CPU
		{7CE09B44-08F3-4BC0-A8B6-636E6FB775F2}.Release|Any CPU.Build.0 = Release|Any CPU
		{88CB8DC9-F217-4B3F-BD5F-31F0AEEB9E73}.Debug|Any CPU.ActiveCfg = Debug
		{88CB8DC9-F217-4B3F-BD5F-31F0AEEB9E73}.Release|Any CPU.ActiveCfg = Release
	EndGlobalSection
	GlobalSection(SolutionProperties) = preSolution
		HideSolutionNode = FALSE
	EndGlobalSection
EndGlobal
